
Microsoft Visual Studio Solution File, Format Version 12.00
# Visual Studio 15
Project("{FAE04EC0-301F-11D3-BF4B-00C04F79EFBC}") = "Assembly-CSharp", "Assembly-CSharp.csproj", "{51301B30-4D08-D7C5-7F61-78661C5A41BD}"
EndProject
Project("{FAE04EC0-301F-11D3-BF4B-00C04F79EFBC}") = "Assembly-CSharp-firstpass", "Assembly-CSharp-firstpass.csproj", "{8F26FB4B-2FEE-710F-39EE-5A6CCBC84977}"
EndProject
Project("{FAE04EC0-301F-11D3-BF4B-00C04F79EFBC}") = "Assembly-CSharp-Editor-firstpass", "Assembly-CSharp-Editor-firstpass.csproj", "{E27F83BF-6589-A5B8-DA81-A6A4C547668A}"
EndProject
Global
	GlobalSection(SolutionConfigurationPlatforms) = preSolution
		Debug|Any CPU = Debug|Any CPU
		Release|Any CPU = Release|Any CPU
	EndGlobalSection
	GlobalSection(ProjectConfigurationPlatforms) = postSolution
		{51301B30-4D08-D7C5-7F61-78661C5A41BD}.Debug|Any CPU.ActiveCfg = Debug|Any CPU
		{51301B30-4D08-D7C5-7F61-78661C5A41BD}.Debug|Any CPU.Build.0 = Debug|Any CPU
		{51301B30-4D08-D7C5-7F61-78661C5A41BD}.Release|Any CPU.ActiveCfg = Release|Any CPU
		{51301B30-4D08-D7C5-7F61-78661C5A41BD}.Release|Any CPU.Build.0 = Release|Any CPU
		{8F26FB4B-2FEE-710F-39EE-5A6CCBC84977}.Debug|Any CPU.ActiveCfg = Debug|Any CPU
		{8F26FB4B-2FEE-710F-39EE-5A6CCBC84977}.Debug|Any CPU.Build.0 = Debug|Any CPU
		{8F26FB4B-2FEE-710F-39EE-5A6CCBC84977}.Release|Any CPU.ActiveCfg = Release|Any CPU
		{8F26FB4B-2FEE-710F-39EE-5A6CCBC84977}.Release|Any CPU.Build.0 = Release|Any CPU
		{E27F83BF-6589-A5B8-DA81-A6A4C547668A}.Debug|Any CPU.ActiveCfg = Debug|Any CPU
		{E27F83BF-6589-A5B8-DA81-A6A4C547668A}.Debug|Any CPU.Build.0 = Debug|Any CPU
		{E27F83BF-6589-A5B8-DA81-A6A4C547668A}.Release|Any CPU.ActiveCfg = Release|Any CPU
		{E27F83BF-6589-A5B8-DA81-A6A4C547668A}.Release|Any CPU.Build.0 = Release|Any CPU
	EndGlobalSection
	GlobalSection(SolutionProperties) = preSolution
		HideSolutionNode = FALSE
	EndGlobalSection
	GlobalSection(MonoDevelopProperties) = preSolution
		StartupItem = Assembly-CSharp.csproj
	EndGlobalSection
EndGlobal
